{
  "schema_version": 1,
  "source_repo": "xronocode/mark",
  "source_ref": "v1.2.3",
  "source_commit": "e4d9e4210ee43aaad0d159e03e35be1e92524734",
  "generated_at": "2026-04-28T09:33:32.152Z",
  "files": [
    {
      "path": "src/main/app/index.js",
      "blob_sha256": "1eccd967aa38d4f9feff50d637cd4c6ea8a12b262ba37f40d09f193d4269e71a",
      "bytes": 25538
    },
    {
      "path": "src/main/app/windowManager.js",
      "blob_sha256": "1d529497aa48bf92f8aa4907c07ce6631a499c265616c2c00386f8972d3853e7",
      "bytes": 18232
    },
    {
      "path": "src/main/commands/file.js",
      "blob_sha256": "a647404f720cae5bbf0642e8997086167586600be6832da64214b8982b06be22",
      "bytes": 307
    },
    {
      "path": "src/main/commands/tab.js",
      "blob_sha256": "3e84c825c0eecb0a9598e5d0f0c3191eb21a26b8118c45fc96035e7f3a000b6d",
      "bytes": 1601
    },
    {
      "path": "src/main/contextMenu/editor/menuItems.js",
      "blob_sha256": "514d83d2cec67cfc689fe5b3b6e4f75f84f6710fcf3b1efe8da044d506fcccd3",
      "bytes": 2023
    },
    {
      "path": "src/main/contextMenu/editor/spellcheck.js",
      "blob_sha256": "3ae630122dc985313a7734f4000ff821155e8ed8a6206321e7a59d1df7f8b9f8",
      "bytes": 2189
    },
    {
      "path": "src/main/dataCenter/index.js",
      "blob_sha256": "5f1ebe5adfffea762c9640bd00bf59f1ad62303668f5215fcfda50d1bf16667c",
      "bytes": 5829
    },
    {
      "path": "src/main/filesystem/watcher.js",
      "blob_sha256": "665c18f3bfb4d0bbaa5863c7e2ed0d8b8c99e0f7478544fc002ad353a362fc17",
      "bytes": 12023
    },
    {
      "path": "src/main/imageUpload/index.js",
      "blob_sha256": "01a660ce9cca6b4150a2563b29a8580109838eb0a022f3d02d08f5932349a847",
      "bytes": 6582
    },
    {
      "path": "src/main/keyboard/index.js",
      "blob_sha256": "ac238451ca2520168fbabf505d5aa809fcd03ac0bfef88e30e6839969f0eb868",
      "bytes": 2181
    },
    {
      "path": "src/main/menu/actions/edit.js",
      "blob_sha256": "ecd55662bd4184e6683c9b04970bdc06d9aae8c5ec87e0e5cad5ba730a076be9",
      "bytes": 4642
    },
    {
      "path": "src/main/menu/actions/file.js",
      "blob_sha256": "78dab90c12ce5e7a73defe877092b0a38c35e59edef9f61729cc1ca3b9031840",
      "bytes": 21068
    },
    {
      "path": "src/main/menu/actions/format.js",
      "blob_sha256": "ba67808a39fa682fdde9df9c0f8cc7de0d70c264e8a3b0ce8bf8b164326b0c46",
      "bytes": 2785
    },
    {
      "path": "src/main/menu/actions/help.js",
      "blob_sha256": "12660f8b8d53214f8b486d367ea3a62a9fcd0d8eb17ef128ccfbea75b893b941",
      "bytes": 254
    },
    {
      "path": "src/main/menu/actions/index.js",
      "blob_sha256": "935bee7b2dbc76706a97cc4ed0ce2e522bb53b9409f0639651890e9847213017",
      "bytes": 633
    },
    {
      "path": "src/main/menu/actions/marktext.js",
      "blob_sha256": "55fd7279747949a6d004cc3994a2b2cb5b917c08c6da8ea199c37e755d3df122",
      "bytes": 2400
    },
    {
      "path": "src/main/menu/actions/paragraph.js",
      "blob_sha256": "392c230187831916afb6af7688cfdfe82cbd6e91532778ff82571110de12f153",
      "bytes": 7980
    },
    {
      "path": "src/main/menu/actions/theme.js",
      "blob_sha256": "c57aabd2761892115d187935abffd8a4ca0aff1ba2bea4dd7ed9b51759234ad3",
      "bytes": 252
    },
    {
      "path": "src/main/menu/actions/view.js",
      "blob_sha256": "2ca756620f80dd88c8ed2311c25301c0eb465207186aa2a75f5620dd1efa26f4",
      "bytes": 3917
    },
    {
      "path": "src/main/menu/actions/window.js",
      "blob_sha256": "2d08c8a829efe072be474c88ed3e0a62806741c397b913500831b8a12cc64913",
      "bytes": 1066
    },
    {
      "path": "src/main/menu/index.js",
      "blob_sha256": "aa46cff15a784110f17788ab9e24a7029ce7bdafc6f39fd55ea7060868778bdf",
      "bytes": 14650
    },
    {
      "path": "src/main/menu/templates/dock.js",
      "blob_sha256": "e807c1f3f9d6c96ac9cb08f1ee9f78f23593bb937eeebafb600bcee87c981dcd",
      "bytes": 405
    },
    {
      "path": "src/main/menu/templates/edit.js",
      "blob_sha256": "86b7bd3367a7e0ee17cb5a889a588216d232735695dc6ac0bfd763374e71a7ee",
      "bytes": 5513
    },
    {
      "path": "src/main/menu/templates/file.js",
      "blob_sha256": "eafdb03a6e86799a25efbfa479a9aefffbd374681995cd231ec68d57513ad82e",
      "bytes": 5121
    },
    {
      "path": "src/main/menu/templates/format.js",
      "blob_sha256": "209a72de72ae7683e39a33d00e219b201d8daf9659d7d53859dbe101ab102491",
      "bytes": 3410
    },
    {
      "path": "src/main/menu/templates/help.js",
      "blob_sha256": "3bd3d3df1a6f5dff7dc622bffd71bbf1aad8a7efda822045de5b601254efc383",
      "bytes": 2951
    },
    {
      "path": "src/main/menu/templates/index.js",
      "blob_sha256": "f778cb2cc029a25cd3cfd0141802c5414ab918f2f7e99807f121d2c40b3376fa",
      "bytes": 1253
    },
    {
      "path": "src/main/menu/templates/marktext.js",
      "blob_sha256": "d0e10e674c2959df50f84c991ecb5c88f173e9af4aeea200e7d03ca3275a1526",
      "bytes": 1500
    },
    {
      "path": "src/main/menu/templates/paragraph.js",
      "blob_sha256": "d43bc7cbc0e3157a1ba9c8bbd4924ff41bdcf0a6e920dc0c6ad3d3863f28679d",
      "bytes": 5753
    },
    {
      "path": "src/main/menu/templates/prefEdit.js",
      "blob_sha256": "b2bc02043a8630e35c67d50f9c0b5cf02723209b14e9bf052adc62548376f18d",
      "bytes": 672
    },
    {
      "path": "src/main/menu/templates/theme.js",
      "blob_sha256": "d8f65b0f48faaf9e61a0a16b7fe5d7f023d5976a46dbf908f78134e711f09478",
      "bytes": 9985
    },
    {
      "path": "src/main/menu/templates/view.js",
      "blob_sha256": "6da1726c72872d45a77d9c5131abc2a961eb93eb12975172cd3c3a005f816911",
      "bytes": 2966
    },
    {
      "path": "src/main/menu/templates/window.js",
      "blob_sha256": "66680dc90a86b4fed05504540194b02ea52dfd5bad9b0720ebbe1880e85cad2a",
      "bytes": 2025
    },
    {
      "path": "src/main/preferences/index.js",
      "blob_sha256": "0db8cf854f00b7ef6157ee03a1166378053320b6ee56001021d795ea917a6cb1",
      "bytes": 6401
    },
    {
      "path": "src/main/search/index.js",
      "blob_sha256": "262588877c2d09e02f13a95a29a2f9c5110a8e48af571a0f5196c972ec31f056",
      "bytes": 13067
    },
    {
      "path": "src/main/spellchecker/index.js",
      "blob_sha256": "bf50e6c2ef4138e1f2e77eb5f29538622e275ad89ad4d13b63421fbcfe7386e7",
      "bytes": 3619
    },
    {
      "path": "src/main/windows/base.js",
      "blob_sha256": "0285ee842196791d3f8c037ea5370c0cbf2c3bf3b28eadb284a1b8f07d1542fc",
      "bytes": 3548
    },
    {
      "path": "src/main/windows/editor.js",
      "blob_sha256": "51cb4959a837cfba22a6ab4c3aeb3c7df6ce6dbf14d1f9f297705ed246ad6949",
      "bytes": 20231
    },
    {
      "path": "src/main/windows/setting.js",
      "blob_sha256": "7feaadd13712d59260969044348e24911b08b9fd280abf258c4dc4894eb46baa",
      "bytes": 3591
    },
    {
      "path": "src/main/windows/utils.js",
      "blob_sha256": "5239895c25888361ff918891d3627978133e09d9897dcc636382c1ebf5190fce",
      "bytes": 1982
    },
    {
      "path": "src/preload/index.js",
      "blob_sha256": "c44383a57c8dd033db35ed321bb8fcbaff10710f2b29e3cf45288ccfce72791b",
      "bytes": 5748
    },
    {
      "path": "src/renderer/src/commands/index.js",
      "blob_sha256": "8ef3b071f670fb9303260579dd934290eb6554374dfb65770120abb11c4cc4c9",
      "bytes": 17305
    },
    {
      "path": "src/renderer/src/components/titleBar/index.vue",
      "blob_sha256": "6a41925dd2eb4cbc99e15bb679c7046a5bef2c8798907db70ded2db0d212e858",
      "bytes": 20157
    },
    {
      "path": "src/renderer/src/contextMenu/tabs/index.js",
      "blob_sha256": "4cf242eb67d8cd2a82bd5774ec1a888b1144a519a5866eebc6fcfd5a05d125a6",
      "bytes": 1005
    },
    {
      "path": "src/renderer/src/prefComponents/common/titlebar.vue",
      "blob_sha256": "da44d37efc481e1bb8ae4bafc17324317b18b7e7265f869cb019201e6085113b",
      "bytes": 1609
    },
    {
      "path": "src/renderer/src/util/clipboard.js",
      "blob_sha256": "39e7172fb48c222c778abf722ef417b2d57e98530a0f2ecc7fc4c4ad85a59d04",
      "bytes": 1366
    }
  ]
}
